
Microsoft Visual Studio Solution File, Format Version 12.00
# Visual Studio Version 16
VisualStudioVersion = 16.0.33927.289
MinimumVisualStudioVersion = 10.0.40219.1
Project("{2150E333-8FDC-42A3-9474-1A3956D46DE8}") = "Task0", "Task0", "{64615591-DD69-4417-8323-435AFC362CB2}"
EndProject
Project("{FAE04EC0-301F-11D3-BF4B-00C04F79EFBC}") = "Tyuiu.GrigorjanAM.Sprint4.Task0.V18", "Tyuiu.GrigorjanAM.Sprint4.Task0.V18\Tyuiu.GrigorjanAM.Sprint4.Task0.V18.csproj", "{EF679443-FB91-49B4-A35F-49A545E1507D}"
EndProject
Project("{FAE04EC0-301F-11D3-BF4B-00C04F79EFBC}") = "Tyuiu.GrigorjanAM.Sprint4.Task0.V18.Lib", "Tyuiu.GrigorjanAM.Sprint4.Task0.V18.Lib\Tyuiu.GrigorjanAM.Sprint4.Task0.V18.Lib.csproj", "{E7AE62B0-7F00-43A6-BE2E-220AE1A1A5E6}"
EndProject
Project("{FAE04EC0-301F-11D3-BF4B-00C04F79EFBC}") = "Tyuiu.GrigorjanAM.Sprint4.Task0.V18.Test", "Tyuiu.GrigorjanAM.Sprint4.Task0.V18.Test\Tyuiu.GrigorjanAM.Sprint4.Task0.V18.Test.csproj", "{E8F4B0AB-9263-4231-8048-E91CED546E82}"
EndProject
Project("{2150E333-8FDC-42A3-9474-1A3956D46DE8}") = "Task1", "Task1", "{36AE22E9-871E-41D0-B78C-C4133B30B9F5}"
EndProject
Project("{FAE04EC0-301F-11D3-BF4B-00C04F79EFBC}") = "Tyuiu.GrigorjanAM.Sprint4.Task1.V24", "Tyuiu.GrigorjanAM.Sprint4.Task1.V24\Tyuiu.GrigorjanAM.Sprint4.Task1.V24.csproj", "{01F6ADA1-8AD7-49C3-9526-78E8B1D76D1E}"
EndProject
Project("{FAE04EC0-301F-11D3-BF4B-00C04F79EFBC}") = "Tyuiu.GrigorjanAM.Sprint4.Task1.V24.Test", "Tyuiu.GrigorjanAM.Sprint4.Task1.V24.Test\Tyuiu.GrigorjanAM.Sprint4.Task1.V24.Test.csproj", "{687BFA09-F8F2-4161-8309-7F410A9C0045}"
EndProject
Project("{FAE04EC0-301F-11D3-BF4B-00C04F79EFBC}") = "Tyuiu.GrigorjanAM.Sprint4.Task1.V24.Lib", "Tyuiu.GrigorjanAM.Sprint4.Task1.V24.Lib\Tyuiu.GrigorjanAM.Sprint4.Task1.V24.Lib.csproj", "{069E9BF5-2EDA-4686-A14B-5FF70B3DD16C}"
EndProject
Project("{2150E333-8FDC-42A3-9474-1A3956D46DE8}") = "Task2", "Task2", "{1FC63E45-7919-4A83-BFA7-7575137B4712}"
EndProject
Project("{FAE04EC0-301F-11D3-BF4B-00C04F79EFBC}") = "Tyuiu.GrigorjanAM.Sprint4.Task2.V4", "Tyuiu.GrigorjanAM.Sprint4.Task2.V4\Tyuiu.GrigorjanAM.Sprint4.Task2.V4.csproj", "{D4D1D3D9-FFE8-4F3E-8DAD-EF305DB40090}"
EndProject
Project("{FAE04EC0-301F-11D3-BF4B-00C04F79EFBC}") = "Tyuiu.GrigorjanAM.Sprint4.Task2.V4.Lib", "Tyuiu.GrigorjanAM.Sprint4.Task2.V4.Lib\Tyuiu.GrigorjanAM.Sprint4.Task2.V4.Lib.csproj", "{E91B445C-6C3A-42B5-B104-E8474057205F}"
EndProject
Project("{FAE04EC0-301F-11D3-BF4B-00C04F79EFBC}") = "Tyuiu.GrigorjanAM.Sprint4.Task2.V4.Test", "Tyuiu.GrigorjanAM.Sprint4.Task2.V4.Test\Tyuiu.GrigorjanAM.Sprint4.Task2.V4.Test.csproj", "{BDB6F37D-0E49-4A73-A3E7-789697BFC457}"
EndProject
Project("{2150E333-8FDC-42A3-9474-1A3956D46DE8}") = "Task3", "Task3", "{2C75F396-0864-4299-A868-6189696A9E7E}"
EndProject
Project("{FAE04EC0-301F-11D3-BF4B-00C04F79EFBC}") = "Tyuiu.GrigorjanAM.Sprint4.Task3.V22", "Tyuiu.GrigorjanAM.Sprint4.Task3.V22\Tyuiu.GrigorjanAM.Sprint4.Task3.V22.csproj", "{9947F697-662C-433B-8D60-D8213D44C0CD}"
EndProject
Project("{FAE04EC0-301F-11D3-BF4B-00C04F79EFBC}") = "Tyuiu.GrigorjanAM.Sprint4.Task3.V22.Lib", "Tyuiu.GrigorjanAM.Sprint4.Task3.V22.Lib\Tyuiu.GrigorjanAM.Sprint4.Task3.V22.Lib.csproj", "{AF6055F5-9AE2-4BCD-BF7C-E09D6B90C514}"
EndProject
Project("{FAE04EC0-301F-11D3-BF4B-00C04F79EFBC}") = "Tyuiu.GrigorjanAM.Sprint4.Task3.V22.Test", "Tyuiu.GrigorjanAM.Sprint4.Task3.V22.Test\Tyuiu.GrigorjanAM.Sprint4.Task3.V22.Test.csproj", "{D6781711-D3E6-451B-8D18-265485A8E274}"
EndProject
Project("{2150E333-8FDC-42A3-9474-1A3956D46DE8}") = "Task4", "Task4", "{B9D5984F-1A23-4351-9B8C-23DB26600245}"
EndProject
Project("{FAE04EC0-301F-11D3-BF4B-00C04F79EFBC}") = "Tyuiu.GrigorjanAM.Sprint4.Task4.V14", "Tyuiu.GrigorjanAM.Sprint4.Task4.V14\Tyuiu.GrigorjanAM.Sprint4.Task4.V14.csproj", "{9877F891-EDB9-4E22-8CF7-A273E3E90F21}"
EndProject
Project("{FAE04EC0-301F-11D3-BF4B-00C04F79EFBC}") = "Tyuiu.GrigorjanAM.Sprint4.Task4.V14.Lib", "Tyuiu.GrigorjanAM.Sprint4.Task4.V14.Lib\Tyuiu.GrigorjanAM.Sprint4.Task4.V14.Lib.csproj", "{22F1775D-430A-4BAB-B3CB-B4DCE155BEDA}"
EndProject
Project("{FAE04EC0-301F-11D3-BF4B-00C04F79EFBC}") = "Tyuiu.GrigorjanAM.Sprint4.Task4.V14.Test", "Tyuiu.GrigorjanAM.Sprint4.Task4.V14.Test\Tyuiu.GrigorjanAM.Sprint4.Task4.V14.Test.csproj", "{14554F42-1289-4CC5-A90A-5170433AFFE6}"
EndProject
Global
	GlobalSection(SolutionConfigurationPlatforms) = preSolution
		Debug|Any CPU = Debug|Any CPU
		Release|Any CPU = Release|Any CPU
	EndGlobalSection
	GlobalSection(ProjectConfigurationPlatforms) = postSolution
		{EF679443-FB91-49B4-A35F-49A545E1507D}.Debug|Any CPU.ActiveCfg = Debug|Any CPU
		{EF679443-FB91-49B4-A35F-49A545E1507D}.Debug|Any CPU.Build.0 = Debug|Any CPU
		{EF679443-FB91-49B4-A35F-49A545E1507D}.Release|Any CPU.ActiveCfg = Release|Any CPU
		{EF679443-FB91-49B4-A35F-49A545E1507D}.Release|Any CPU.Build.0 = Release|Any CPU
		{E7AE62B0-7F00-43A6-BE2E-220AE1A1A5E6}.Debug|Any CPU.ActiveCfg = Debug|Any CPU
		{E7AE62B0-7F00-43A6-BE2E-220AE1A1A5E6}.Debug|Any CPU.Build.0 = Debug|Any CPU
		{E7AE62B0-7F00-43A6-BE2E-220AE1A1A5E6}.Release|Any CPU.ActiveCfg = Release|Any CPU
		{E7AE62B0-7F00-43A6-BE2E-220AE1A1A5E6}.Release|Any CPU.Build.0 = Release|Any CPU
		{E8F4B0AB-9263-4231-8048-E91CED546E82}.Debug|Any CPU.ActiveCfg = Debug|Any CPU
		{E8F4B0AB-9263-4231-8048-E91CED546E82}.Debug|Any CPU.Build.0 = Debug|Any CPU
		{E8F4B0AB-9263-4231-8048-E91CED546E82}.Release|Any CPU.ActiveCfg = Release|Any CPU
		{E8F4B0AB-9263-4231-8048-E91CED546E82}.Release|Any CPU.Build.0 = Release|Any CPU
		{01F6ADA1-8AD7-49C3-9526-78E8B1D76D1E}.Debug|Any CPU.ActiveCfg = Debug|Any CPU
		{01F6ADA1-8AD7-49C3-9526-78E8B1D76D1E}.Debug|Any CPU.Build.0 = Debug|Any CPU
		{01F6ADA1-8AD7-49C3-9526-78E8B1D76D1E}.Release|Any CPU.ActiveCfg = Release|Any CPU
		{01F6ADA1-8AD7-49C3-9526-78E8B1D76D1E}.Release|Any CPU.Build.0 = Release|Any CPU
		{687BFA09-F8F2-4161-8309-7F410A9C0045}.Debug|Any CPU.ActiveCfg = Debug|Any CPU
		{687BFA09-F8F2-4161-8309-7F410A9C0045}.Debug|Any CPU.Build.0 = Debug|Any CPU
		{687BFA09-F8F2-4161-8309-7F410A9C0045}.Release|Any CPU.ActiveCfg = Release|Any CPU
		{687BFA09-F8F2-4161-8309-7F410A9C0045}.Release|Any CPU.Build.0 = Release|Any CPU
		{069E9BF5-2EDA-4686-A14B-5FF70B3DD16C}.Debug|Any CPU.ActiveCfg = Debug|Any CPU
		{069E9BF5-2EDA-4686-A14B-5FF70B3DD16C}.Debug|Any CPU.Build.0 = Debug|Any CPU
		{069E9BF5-2EDA-4686-A14B-5FF70B3DD16C}.Release|Any CPU.ActiveCfg = Release|Any CPU
		{069E9BF5-2EDA-4686-A14B-5FF70B3DD16C}.Release|Any CPU.Build.0 = Release|Any CPU
		{D4D1D3D9-FFE8-4F3E-8DAD-EF305DB40090}.Debug|Any CPU.ActiveCfg = Debug|Any CPU
		{D4D1D3D9-FFE8-4F3E-8DAD-EF305DB40090}.Debug|Any CPU.Build.0 = Debug|Any CPU
		{D4D1D3D9-FFE8-4F3E-8DAD-EF305DB40090}.Release|Any CPU.ActiveCfg = Release|Any CPU
		{D4D1D3D9-FFE8-4F3E-8DAD-EF305DB40090}.Release|Any CPU.Build.0 = Release|Any CPU
		{E91B445C-6C3A-42B5-B104-E8474057205F}.Debug|Any CPU.ActiveCfg = Debug|Any CPU
		{E91B445C-6C3A-42B5-B104-E8474057205F}.Debug|Any CPU.Build.0 = Debug|Any CPU
		{E91B445C-6C3A-42B5-B104-E8474057205F}.Release|Any CPU.ActiveCfg = Release|Any CPU
		{E91B445C-6C3A-42B5-B104-E8474057205F}.Release|Any CPU.Build.0 = Release|Any CPU
		{BDB6F37D-0E49-4A73-A3E7-789697BFC457}.Debug|Any CPU.ActiveCfg = Debug|Any CPU
		{BDB6F37D-0E49-4A73-A3E7-789697BFC457}.Debug|Any CPU.Build.0 = Debug|Any CPU
		{BDB6F37D-0E49-4A73-A3E7-789697BFC457}.Release|Any CPU.ActiveCfg = Release|Any CPU
		{BDB6F37D-0E49-4A73-A3E7-789697BFC457}.Release|Any CPU.Build.0 = Release|Any CPU
		{9947F697-662C-433B-8D60-D8213D44C0CD}.Debug|Any CPU.ActiveCfg = Debug|Any CPU
		{9947F697-662C-433B-8D60-D8213D44C0CD}.Debug|Any CPU.Build.0 = Debug|Any CPU
		{9947F697-662C-433B-8D60-D8213D44C0CD}.Release|Any CPU.ActiveCfg = Release|Any CPU
		{9947F697-662C-433B-8D60-D8213D44C0CD}.Release|Any CPU.Build.0 = Release|Any CPU
		{AF6055F5-9AE2-4BCD-BF7C-E09D6B90C514}.Debug|Any CPU.ActiveCfg = Debug|Any CPU
		{AF6055F5-9AE2-4BCD-BF7C-E09D6B90C514}.Debug|Any CPU.Build.0 = Debug|Any CPU
		{AF6055F5-9AE2-4BCD-BF7C-E09D6B90C514}.Release|Any CPU.ActiveCfg = Release|Any CPU
		{AF6055F5-9AE2-4BCD-BF7C-E09D6B90C514}.Release|Any CPU.Build.0 = Release|Any CPU
		{D6781711-D3E6-451B-8D18-265485A8E274}.Debug|Any CPU.ActiveCfg = Debug|Any CPU
		{D6781711-D3E6-451B-8D18-265485A8E274}.Debug|Any CPU.Build.0 = Debug|Any CPU
		{D6781711-D3E6-451B-8D18-265485A8E274}.Release|Any CPU.ActiveCfg = Release|Any CPU
		{D6781711-D3E6-451B-8D18-265485A8E274}.Release|Any CPU.Build.0 = Release|Any CPU
		{9877F891-EDB9-4E22-8CF7-A273E3E90F21}.Debug|Any CPU.ActiveCfg = Debug|Any CPU
		{9877F891-EDB9-4E22-8CF7-A273E3E90F21}.Debug|Any CPU.Build.0 = Debug|Any CPU
		{9877F891-EDB9-4E22-8CF7-A273E3E90F21}.Release|Any CPU.ActiveCfg = Release|Any CPU
		{9877F891-EDB9-4E22-8CF7-A273E3E90F21}.Release|Any CPU.Build.0 = Release|Any CPU
		{22F1775D-430A-4BAB-B3CB-B4DCE155BEDA}.Debug|Any CPU.ActiveCfg = Debug|Any CPU
		{22F1775D-430A-4BAB-B3CB-B4DCE155BEDA}.Debug|Any CPU.Build.0 = Debug|Any CPU
		{22F1775D-430A-4BAB-B3CB-B4DCE155BEDA}.Release|Any CPU.ActiveCfg = Release|Any CPU
		{22F1775D-430A-4BAB-B3CB-B4DCE155BEDA}.Release|Any CPU.Build.0 = Release|Any CPU
		{14554F42-1289-4CC5-A90A-5170433AFFE6}.Debug|Any CPU.ActiveCfg = Debug|Any CPU
		{14554F42-1289-4CC5-A90A-5170433AFFE6}.Debug|Any CPU.Build.0 = Debug|Any CPU
		{14554F42-1289-4CC5-A90A-5170433AFFE6}.Release|Any CPU.ActiveCfg = Release|Any CPU
		{14554F42-1289-4CC5-A90A-5170433AFFE6}.Release|Any CPU.Build.0 = Release|Any CPU
	EndGlobalSection
	GlobalSection(SolutionProperties) = preSolution
		HideSolutionNode = FALSE
	EndGlobalSection
	GlobalSection(NestedProjects) = preSolution
		{EF679443-FB91-49B4-A35F-49A545E1507D} = {64615591-DD69-4417-8323-435AFC362CB2}
		{E7AE62B0-7F00-43A6-BE2E-220AE1A1A5E6} = {64615591-DD69-4417-8323-435AFC362CB2}
		{E8F4B0AB-9263-4231-8048-E91CED546E82} = {64615591-DD69-4417-8323-435AFC362CB2}
		{01F6ADA1-8AD7-49C3-9526-78E8B1D76D1E} = {36AE22E9-871E-41D0-B78C-C4133B30B9F5}
		{687BFA09-F8F2-4161-8309-7F410A9C0045} = {36AE22E9-871E-41D0-B78C-C4133B30B9F5}
		{069E9BF5-2EDA-4686-A14B-5FF70B3DD16C} = {36AE22E9-871E-41D0-B78C-C4133B30B9F5}
		{D4D1D3D9-FFE8-4F3E-8DAD-EF305DB40090} = {1FC63E45-7919-4A83-BFA7-7575137B4712}
		{E91B445C-6C3A-42B5-B104-E8474057205F} = {1FC63E45-7919-4A83-BFA7-7575137B4712}
		{BDB6F37D-0E49-4A73-A3E7-789697BFC457} = {1FC63E45-7919-4A83-BFA7-7575137B4712}
		{9947F697-662C-433B-8D60-D8213D44C0CD} = {2C75F396-0864-4299-A868-6189696A9E7E}
		{AF6055F5-9AE2-4BCD-BF7C-E09D6B90C514} = {2C75F396-0864-4299-A868-6189696A9E7E}
		{D6781711-D3E6-451B-8D18-265485A8E274} = {2C75F396-0864-4299-A868-6189696A9E7E}
		{9877F891-EDB9-4E22-8CF7-A273E3E90F21} = {B9D5984F-1A23-4351-9B8C-23DB26600245}
		{22F1775D-430A-4BAB-B3CB-B4DCE155BEDA} = {B9D5984F-1A23-4351-9B8C-23DB26600245}
		{14554F42-1289-4CC5-A90A-5170433AFFE6} = {B9D5984F-1A23-4351-9B8C-23DB26600245}
	EndGlobalSection
	GlobalSection(ExtensibilityGlobals) = postSolution
		SolutionGuid = {9EB5EBC1-9D74-4C38-BB5A-E9ABFC159DD1}
	EndGlobalSection
EndGlobal
